<?xml version="1.0" encoding="UTF-8" standalone="yes" ?>
<CodeBlocks_project_file>
	<FileVersion major="1" minor="6" />
	<Project>
		<Option title="BabysFirstGame" />
		<Option pch_mode="2" />
		<Option compiler="gcc" />
		<Option virtualFolders="hitbox\;" />
		<Build>
			<Target title="Debug">
				<Option output="bin/Debug/BabysFirstGame" prefix_auto="1" extension_auto="1" />
				<Option object_output="obj/Debug/" />
				<Option type="1" />
				<Option compiler="gcc" />
				<Compiler>
					<Add option="-g" />
					<Add directory="C:/mingw-6.1.0/SFML-2.4.2/include" />
					<Add directory="C:/lua-5.3.4/src" />
					<Add directory="include" />
					<Add directory="include/luabridge" />
				</Compiler>
				<Linker>
					<Add library="sfml-graphics-d" />
					<Add library="sfml-window-d" />
					<Add library="sfml-system-d" />
					<Add directory="C:/mingw-6.1.0/SFML-2.4.2/lib" />
					<Add directory="C:/lua-5.3.4/src" />
				</Linker>
			</Target>
			<Target title="Release">
				<Option output="bin/Release/BabysFirstGame" prefix_auto="1" extension_auto="1" />
				<Option object_output="obj/Release/" />
				<Option type="1" />
				<Option compiler="gcc" />
				<Compiler>
					<Add option="-O2" />
					<Add directory="include" />
				</Compiler>
				<Linker>
					<Add option="-s" />
				</Linker>
			</Target>
		</Build>
		<Compiler>
			<Add option="-Wall" />
		</Compiler>
		<Unit filename="include/AnimationFrame.h" />
		<Unit filename="include/Hitbox.h">
			<Option virtualFolder="hitbox/" />
		</Unit>
		<Unit filename="include/IterList.h" />
		<Unit filename="include/Object.h" />
		<Unit filename="include/RegularHitbox.h">
			<Option virtualFolder="hitbox/" />
		</Unit>
		<Unit filename="include/Room.h" />
		<Unit filename="include/myaux.h" />
		<Unit filename="src/AnimationFrame.cpp" />
		<Unit filename="src/Hitbox.cpp">
			<Option virtualFolder="hitbox/" />
		</Unit>
		<Unit filename="src/IterList.cpp" />
		<Unit filename="src/Object.cpp" />
		<Unit filename="src/RegularHitbox.cpp">
			<Option virtualFolder="hitbox/" />
		</Unit>
		<Unit filename="src/Room.cpp" />
		<Unit filename="src/main.cpp" />
		<Extensions>
			<code_completion />
			<envvars />
			<debugger />
			<lib_finder disable_auto="1" />
		</Extensions>
	</Project>
</CodeBlocks_project_file>
